apiVersion: v1
kind: Pod
metadata:
  name: testpmd-filebacking-without-ipc-lock
spec:
  containers:
  - name: testpmd
    image: bgchun/testpmd-without-mlock
    command: [ "/bin/bash", "-c", "--" ]
    args: [ "while true; do sleep 300000; done;" ]
    securityContext:
     capabilities:
       add: ["IPC_LOCK"]
    volumeMounts:
    - mountPath: /hugepages
      name: hugepage
    resources:
      requests:
        cpu: "2"
        memory: "1Gi"
        hugepages-1Gi: "2Gi"
        intel.com/intel_sriov_pf: '2'
      limits:
        cpu: "2"
        memory: "1Gi"
        hugepages-1Gi: "2Gi"
        intel.com/intel_sriov_pf: '2'
  volumes:
  - name: hugepage
    emptyDir:
      medium: HugePages
